{
  "requires": true,
  "lockfileVersion": 1,
  "dependencies": {
    "@agm/core": {
      "version": "1.0.0-beta.3",
      "resolved": "https://registry.npmjs.org/@agm/core/-/core-1.0.0-beta.3.tgz",
      "integrity": "sha512-nsyergarmMB4JCw7KGujj86ulgRYhEk8zXKRiJZdnju/irLvazQ/9Anlfsf1Rc5yph8sZrmQDwqLGZ6AqHhnzA=="
    },
    "angular2-image-upload": {
      "version": "1.0.0-rc.1",
      "resolved": "https://registry.npmjs.org/angular2-image-upload/-/angular2-image-upload-1.0.0-rc.1.tgz",
      "integrity": "sha512-OdXxB8agH+AXghCvBzlSp4/kkfpUNwSZm2wpqKsGN3wls0MlMEVNzW4kiYFjcdQTIgy236I1IiEgeMZTVVw2rQ=="
    }
  }
}
